
Microsoft Visual Studio Solution File, Format Version 12.00
# Visual Studio 15
VisualStudioVersion = 15.0.28307.757
MinimumVisualStudioVersion = 10.0.40219.1
Project("{FAE04EC0-301F-11D3-BF4B-00C04F79EFBC}") = "DatShop.Common", "DatShop.Common\DatShop.Common.csproj", "{B9DB71FD-5274-4715-BE48-50D9E09D6943}"
EndProject
Project("{FAE04EC0-301F-11D3-BF4B-00C04F79EFBC}") = "DatShop.Model", "DatShop.Model\DatShop.Model.csproj", "{11E92B2E-A887-4C93-BBE8-2F497888D013}"
EndProject
Project("{FAE04EC0-301F-11D3-BF4B-00C04F79EFBC}") = "DatShop.Data", "DatShop.Data\DatShop.Data.csproj", "{25B1F8A2-B3E1-4ABC-B327-3E60568CD0A7}"
EndProject
Project("{FAE04EC0-301F-11D3-BF4B-00C04F79EFBC}") = "DatShop.Service", "DatShop.Service\DatShop.Service.csproj", "{DDFFC938-EC56-4881-B7FC-3AA7B2E096EA}"
EndProject
Project("{FAE04EC0-301F-11D3-BF4B-00C04F79EFBC}") = "DatShop.UnitTest", "DatShop.UnitTest\DatShop.UnitTest.csproj", "{114106D4-9DD9-4A92-8174-4EB6359D4D90}"
EndProject
Project("{FAE04EC0-301F-11D3-BF4B-00C04F79EFBC}") = "DatShop.Web", "DatShop.Web\DatShop.Web.csproj", "{B3F6A3FC-4D27-453F-B3E9-7E436027959B}"
EndProject
Project("{FAE04EC0-301F-11D3-BF4B-00C04F79EFBC}") = "WebTest", "WebTest\WebTest.csproj", "{BF282546-3C13-47E9-8E20-0EB00072A097}"
EndProject
Global
	GlobalSection(SolutionConfigurationPlatforms) = preSolution
		Debug|Any CPU = Debug|Any CPU
		Release|Any CPU = Release|Any CPU
	EndGlobalSection
	GlobalSection(ProjectConfigurationPlatforms) = postSolution
		{B9DB71FD-5274-4715-BE48-50D9E09D6943}.Debug|Any CPU.ActiveCfg = Debug|Any CPU
		{B9DB71FD-5274-4715-BE48-50D9E09D6943}.Debug|Any CPU.Build.0 = Debug|Any CPU
		{B9DB71FD-5274-4715-BE48-50D9E09D6943}.Release|Any CPU.ActiveCfg = Release|Any CPU
		{B9DB71FD-5274-4715-BE48-50D9E09D6943}.Release|Any CPU.Build.0 = Release|Any CPU
		{11E92B2E-A887-4C93-BBE8-2F497888D013}.Debug|Any CPU.ActiveCfg = Debug|Any CPU
		{11E92B2E-A887-4C93-BBE8-2F497888D013}.Debug|Any CPU.Build.0 = Debug|Any CPU
		{11E92B2E-A887-4C93-BBE8-2F497888D013}.Release|Any CPU.ActiveCfg = Release|Any CPU
		{11E92B2E-A887-4C93-BBE8-2F497888D013}.Release|Any CPU.Build.0 = Release|Any CPU
		{25B1F8A2-B3E1-4ABC-B327-3E60568CD0A7}.Debug|Any CPU.ActiveCfg = Debug|Any CPU
		{25B1F8A2-B3E1-4ABC-B327-3E60568CD0A7}.Debug|Any CPU.Build.0 = Debug|Any CPU
		{25B1F8A2-B3E1-4ABC-B327-3E60568CD0A7}.Release|Any CPU.ActiveCfg = Release|Any CPU
		{25B1F8A2-B3E1-4ABC-B327-3E60568CD0A7}.Release|Any CPU.Build.0 = Release|Any CPU
		{DDFFC938-EC56-4881-B7FC-3AA7B2E096EA}.Debug|Any CPU.ActiveCfg = Debug|Any CPU
		{DDFFC938-EC56-4881-B7FC-3AA7B2E096EA}.Debug|Any CPU.Build.0 = Debug|Any CPU
		{DDFFC938-EC56-4881-B7FC-3AA7B2E096EA}.Release|Any CPU.ActiveCfg = Release|Any CPU
		{DDFFC938-EC56-4881-B7FC-3AA7B2E096EA}.Release|Any CPU.Build.0 = Release|Any CPU
		{114106D4-9DD9-4A92-8174-4EB6359D4D90}.Debug|Any CPU.ActiveCfg = Debug|Any CPU
		{114106D4-9DD9-4A92-8174-4EB6359D4D90}.Debug|Any CPU.Build.0 = Debug|Any CPU
		{114106D4-9DD9-4A92-8174-4EB6359D4D90}.Release|Any CPU.ActiveCfg = Release|Any CPU
		{114106D4-9DD9-4A92-8174-4EB6359D4D90}.Release|Any CPU.Build.0 = Release|Any CPU
		{B3F6A3FC-4D27-453F-B3E9-7E436027959B}.Debug|Any CPU.ActiveCfg = Debug|Any CPU
		{B3F6A3FC-4D27-453F-B3E9-7E436027959B}.Debug|Any CPU.Build.0 = Debug|Any CPU
		{B3F6A3FC-4D27-453F-B3E9-7E436027959B}.Release|Any CPU.ActiveCfg = Release|Any CPU
		{B3F6A3FC-4D27-453F-B3E9-7E436027959B}.Release|Any CPU.Build.0 = Release|Any CPU
		{BF282546-3C13-47E9-8E20-0EB00072A097}.Debug|Any CPU.ActiveCfg = Debug|Any CPU
		{BF282546-3C13-47E9-8E20-0EB00072A097}.Debug|Any CPU.Build.0 = Debug|Any CPU
		{BF282546-3C13-47E9-8E20-0EB00072A097}.Release|Any CPU.ActiveCfg = Release|Any CPU
		{BF282546-3C13-47E9-8E20-0EB00072A097}.Release|Any CPU.Build.0 = Release|Any CPU
	EndGlobalSection
	GlobalSection(SolutionProperties) = preSolution
		HideSolutionNode = FALSE
	EndGlobalSection
	GlobalSection(ExtensibilityGlobals) = postSolution
		SolutionGuid = {7CEF0CBD-D785-47E4-9499-D3E6E596AABF}
	EndGlobalSection
EndGlobal
